
Microsoft Visual Studio Solution File, Format Version 12.00
# Visual Studio Version 17
VisualStudioVersion = 17.6.33829.357
MinimumVisualStudioVersion = 10.0.40219.1
Project("{FAE04EC0-301F-11D3-BF4B-00C04F79EFBC}") = "csharp_canchi", "csharp_canchi.csproj", "{CF727852-BF14-49A6-AC9B-C8BE38C9607F}"
EndProject
Global
	GlobalSection(SolutionConfigurationPlatforms) = preSolution
		Debug|Any CPU = Debug|Any CPU
		Release|Any CPU = Release|Any CPU
	EndGlobalSection
	GlobalSection(ProjectConfigurationPlatforms) = postSolution
		{CF727852-BF14-49A6-AC9B-C8BE38C9607F}.Debug|Any CPU.ActiveCfg = Debug|Any CPU
		{CF727852-BF14-49A6-AC9B-C8BE38C9607F}.Debug|Any CPU.Build.0 = Debug|Any CPU
		{CF727852-BF14-49A6-AC9B-C8BE38C9607F}.Release|Any CPU.ActiveCfg = Release|Any CPU
		{CF727852-BF14-49A6-AC9B-C8BE38C9607F}.Release|Any CPU.Build.0 = Release|Any CPU
	EndGlobalSection
	GlobalSection(SolutionProperties) = preSolution
		HideSolutionNode = FALSE
	EndGlobalSection
	GlobalSection(ExtensibilityGlobals) = postSolution
		SolutionGuid = {F1349583-F618-43FD-863A-8FFAB859E0F2}
	EndGlobalSection
EndGlobal
